
Microsoft Visual Studio Solution File, Format Version 12.00
# Visual Studio Version 17
VisualStudioVersion = 17.11.35327.3
MinimumVisualStudioVersion = 10.0.40219.1
Project("{FAE04EC0-301F-11D3-BF4B-00C04F79EFBC}") = "MauiAppMinhasCompras", "MauiAppMinhasCompras.csproj", "{A03F3E5E-D26A-4CCC-90E0-C1A2056E1302}"
EndProject
Global
	GlobalSection(SolutionConfigurationPlatforms) = preSolution
		Debug|Any CPU = Debug|Any CPU
		Release|Any CPU = Release|Any CPU
	EndGlobalSection
	GlobalSection(ProjectConfigurationPlatforms) = postSolution
		{A03F3E5E-D26A-4CCC-90E0-C1A2056E1302}.Debug|Any CPU.ActiveCfg = Debug|Any CPU
		{A03F3E5E-D26A-4CCC-90E0-C1A2056E1302}.Debug|Any CPU.Build.0 = Debug|Any CPU
		{A03F3E5E-D26A-4CCC-90E0-C1A2056E1302}.Debug|Any CPU.Deploy.0 = Debug|Any CPU
		{A03F3E5E-D26A-4CCC-90E0-C1A2056E1302}.Release|Any CPU.ActiveCfg = Release|Any CPU
		{A03F3E5E-D26A-4CCC-90E0-C1A2056E1302}.Release|Any CPU.Build.0 = Release|Any CPU
		{A03F3E5E-D26A-4CCC-90E0-C1A2056E1302}.Release|Any CPU.Deploy.0 = Release|Any CPU
	EndGlobalSection
	GlobalSection(SolutionProperties) = preSolution
		HideSolutionNode = FALSE
	EndGlobalSection
	GlobalSection(ExtensibilityGlobals) = postSolution
		SolutionGuid = {0A487DC4-3E03-4382-9153-E22F68F18C7F}
	EndGlobalSection
EndGlobal
